
Microsoft Visual Studio Solution File, Format Version 12.00
# Visual Studio Version 16
VisualStudioVersion = 16.0.28803.352
MinimumVisualStudioVersion = 10.0.40219.1
Project("{9A19103F-16F7-4668-BE54-9A1E7A4F7556}") = "Threading.Core", "Threading.Core\Threading.Core.csproj", "{A17B317B-D081-4F53-A5E5-92F665A858DB}"
EndProject
Project("{9A19103F-16F7-4668-BE54-9A1E7A4F7556}") = "Race.Condition", "Race.Condition\Race.Condition.csproj", "{E03C3383-12AC-4630-981A-2882F7B9CE1A}"
EndProject
Project("{9A19103F-16F7-4668-BE54-9A1E7A4F7556}") = "Lock.Condition", "Lock.Condition\Lock.Condition.csproj", "{794E1B0A-40BB-4B1F-96A7-43488BF68C52}"
EndProject
Project("{9A19103F-16F7-4668-BE54-9A1E7A4F7556}") = "Task.Core", "Task.Core\Task.Core.csproj", "{05676831-18FE-493E-BD81-1E6859F9EB4E}"
EndProject
Project("{2150E333-8FDC-42A3-9474-1A3956D46DE8}") = "Forms", "Forms", "{96FB4E1A-5F75-40C8-A19F-F1CDA237FECF}"
EndProject
Project("{FAE04EC0-301F-11D3-BF4B-00C04F79EFBC}") = "Async.Demo", "Async.Demo\Async.Demo.csproj", "{78ADEB5C-4A5D-4F86-9EB2-CF71262D2918}"
EndProject
Project("{2150E333-8FDC-42A3-9474-1A3956D46DE8}") = "Tasks", "Tasks", "{FD2FE15C-DBDA-4C07-BAE0-01BEBEA4CB3E}"
EndProject
Project("{FAE04EC0-301F-11D3-BF4B-00C04F79EFBC}") = "Word.Reverser", "Word.Reverser\Word.Reverser.csproj", "{248F44CF-FACF-428C-ABA9-3D46DDA08ED0}"
EndProject
Project("{FAE04EC0-301F-11D3-BF4B-00C04F79EFBC}") = "Better.Reverser", "Better.Reverser\Better.Reverser.csproj", "{7AED0789-6920-4990-8EAC-DF453F0D7BBB}"
EndProject
Global
	GlobalSection(SolutionConfigurationPlatforms) = preSolution
		Debug|Any CPU = Debug|Any CPU
		Release|Any CPU = Release|Any CPU
	EndGlobalSection
	GlobalSection(ProjectConfigurationPlatforms) = postSolution
		{A17B317B-D081-4F53-A5E5-92F665A858DB}.Debug|Any CPU.ActiveCfg = Debug|Any CPU
		{A17B317B-D081-4F53-A5E5-92F665A858DB}.Debug|Any CPU.Build.0 = Debug|Any CPU
		{A17B317B-D081-4F53-A5E5-92F665A858DB}.Release|Any CPU.ActiveCfg = Release|Any CPU
		{A17B317B-D081-4F53-A5E5-92F665A858DB}.Release|Any CPU.Build.0 = Release|Any CPU
		{E03C3383-12AC-4630-981A-2882F7B9CE1A}.Debug|Any CPU.ActiveCfg = Debug|Any CPU
		{E03C3383-12AC-4630-981A-2882F7B9CE1A}.Debug|Any CPU.Build.0 = Debug|Any CPU
		{E03C3383-12AC-4630-981A-2882F7B9CE1A}.Release|Any CPU.ActiveCfg = Release|Any CPU
		{E03C3383-12AC-4630-981A-2882F7B9CE1A}.Release|Any CPU.Build.0 = Release|Any CPU
		{794E1B0A-40BB-4B1F-96A7-43488BF68C52}.Debug|Any CPU.ActiveCfg = Debug|Any CPU
		{794E1B0A-40BB-4B1F-96A7-43488BF68C52}.Debug|Any CPU.Build.0 = Debug|Any CPU
		{794E1B0A-40BB-4B1F-96A7-43488BF68C52}.Release|Any CPU.ActiveCfg = Release|Any CPU
		{794E1B0A-40BB-4B1F-96A7-43488BF68C52}.Release|Any CPU.Build.0 = Release|Any CPU
		{05676831-18FE-493E-BD81-1E6859F9EB4E}.Debug|Any CPU.ActiveCfg = Debug|Any CPU
		{05676831-18FE-493E-BD81-1E6859F9EB4E}.Debug|Any CPU.Build.0 = Debug|Any CPU
		{05676831-18FE-493E-BD81-1E6859F9EB4E}.Release|Any CPU.ActiveCfg = Release|Any CPU
		{05676831-18FE-493E-BD81-1E6859F9EB4E}.Release|Any CPU.Build.0 = Release|Any CPU
		{78ADEB5C-4A5D-4F86-9EB2-CF71262D2918}.Debug|Any CPU.ActiveCfg = Debug|Any CPU
		{78ADEB5C-4A5D-4F86-9EB2-CF71262D2918}.Debug|Any CPU.Build.0 = Debug|Any CPU
		{78ADEB5C-4A5D-4F86-9EB2-CF71262D2918}.Release|Any CPU.ActiveCfg = Release|Any CPU
		{78ADEB5C-4A5D-4F86-9EB2-CF71262D2918}.Release|Any CPU.Build.0 = Release|Any CPU
		{248F44CF-FACF-428C-ABA9-3D46DDA08ED0}.Debug|Any CPU.ActiveCfg = Debug|Any CPU
		{248F44CF-FACF-428C-ABA9-3D46DDA08ED0}.Debug|Any CPU.Build.0 = Debug|Any CPU
		{248F44CF-FACF-428C-ABA9-3D46DDA08ED0}.Release|Any CPU.ActiveCfg = Release|Any CPU
		{248F44CF-FACF-428C-ABA9-3D46DDA08ED0}.Release|Any CPU.Build.0 = Release|Any CPU
		{7AED0789-6920-4990-8EAC-DF453F0D7BBB}.Debug|Any CPU.ActiveCfg = Debug|Any CPU
		{7AED0789-6920-4990-8EAC-DF453F0D7BBB}.Debug|Any CPU.Build.0 = Debug|Any CPU
		{7AED0789-6920-4990-8EAC-DF453F0D7BBB}.Release|Any CPU.ActiveCfg = Release|Any CPU
		{7AED0789-6920-4990-8EAC-DF453F0D7BBB}.Release|Any CPU.Build.0 = Release|Any CPU
	EndGlobalSection
	GlobalSection(SolutionProperties) = preSolution
		HideSolutionNode = FALSE
	EndGlobalSection
	GlobalSection(NestedProjects) = preSolution
		{05676831-18FE-493E-BD81-1E6859F9EB4E} = {FD2FE15C-DBDA-4C07-BAE0-01BEBEA4CB3E}
		{78ADEB5C-4A5D-4F86-9EB2-CF71262D2918} = {96FB4E1A-5F75-40C8-A19F-F1CDA237FECF}
		{248F44CF-FACF-428C-ABA9-3D46DDA08ED0} = {FD2FE15C-DBDA-4C07-BAE0-01BEBEA4CB3E}
		{7AED0789-6920-4990-8EAC-DF453F0D7BBB} = {FD2FE15C-DBDA-4C07-BAE0-01BEBEA4CB3E}
	EndGlobalSection
	GlobalSection(ExtensibilityGlobals) = postSolution
		SolutionGuid = {98E2CBD9-EA41-46AB-8EA3-657E5EEDF3D8}
	EndGlobalSection
EndGlobal
